
Microsoft Visual Studio Solution File, Format Version 12.00
# Visual Studio Version 17
VisualStudioVersion = 17.8.34525.116
MinimumVisualStudioVersion = 10.0.40219.1
Project("{FAE04EC0-301F-11D3-BF4B-00C04F79EFBC}") = "14-2009", "14-2009\14-2009.csproj", "{A361C87F-B88D-49CD-8063-89E49DCCCC24}"
EndProject
Global
	GlobalSection(SolutionConfigurationPlatforms) = preSolution
		Debug|Any CPU = Debug|Any CPU
		Release|Any CPU = Release|Any CPU
	EndGlobalSection
	GlobalSection(ProjectConfigurationPlatforms) = postSolution
		{A361C87F-B88D-49CD-8063-89E49DCCCC24}.Debug|Any CPU.ActiveCfg = Debug|Any CPU
		{A361C87F-B88D-49CD-8063-89E49DCCCC24}.Debug|Any CPU.Build.0 = Debug|Any CPU
		{A361C87F-B88D-49CD-8063-89E49DCCCC24}.Release|Any CPU.ActiveCfg = Release|Any CPU
		{A361C87F-B88D-49CD-8063-89E49DCCCC24}.Release|Any CPU.Build.0 = Release|Any CPU
	EndGlobalSection
	GlobalSection(SolutionProperties) = preSolution
		HideSolutionNode = FALSE
	EndGlobalSection
	GlobalSection(ExtensibilityGlobals) = postSolution
		SolutionGuid = {53BAB100-1275-4041-B8D7-296960869FC3}
	EndGlobalSection
EndGlobal
