
Microsoft Visual Studio Solution File, Format Version 12.00
# Visual Studio Version 17
VisualStudioVersion = 17.9.34728.123
MinimumVisualStudioVersion = 10.0.40219.1
Project("{FAE04EC0-301F-11D3-BF4B-00C04F79EFBC}") = "12-2015", "12-2015\12-2015.csproj", "{7A628819-4592-42F5-9D1B-12308DA2E8B6}"
EndProject
Global
	GlobalSection(SolutionConfigurationPlatforms) = preSolution
		Debug|Any CPU = Debug|Any CPU
		Release|Any CPU = Release|Any CPU
	EndGlobalSection
	GlobalSection(ProjectConfigurationPlatforms) = postSolution
		{7A628819-4592-42F5-9D1B-12308DA2E8B6}.Debug|Any CPU.ActiveCfg = Debug|Any CPU
		{7A628819-4592-42F5-9D1B-12308DA2E8B6}.Debug|Any CPU.Build.0 = Debug|Any CPU
		{7A628819-4592-42F5-9D1B-12308DA2E8B6}.Release|Any CPU.ActiveCfg = Release|Any CPU
		{7A628819-4592-42F5-9D1B-12308DA2E8B6}.Release|Any CPU.Build.0 = Release|Any CPU
	EndGlobalSection
	GlobalSection(SolutionProperties) = preSolution
		HideSolutionNode = FALSE
	EndGlobalSection
	GlobalSection(ExtensibilityGlobals) = postSolution
		SolutionGuid = {1E5972DE-D8F4-45E2-8D63-8C1881883022}
	EndGlobalSection
EndGlobal
